Microsoft Visual Studio Solution File, Format Version 12.00
# Visual Studio Version 17
VisualStudioVersion = 17.5.2.0
MinimumVisualStudioVersion = 10.0.40219.1
Project("{FAE04EC0-301F-11D3-BF4B-00C04F79EFBC}") = "WinPods", "WinPods.csproj", "{ABBF5255-0500-4D8D-D42A-FDC3D65CD20B}"
EndProject
Global
	GlobalSection(SolutionConfigurationPlatforms) = preSolution
		Debug|Any CPU = Debug|Any CPU
		Release|Any CPU = Release|Any CPU
	EndGlobalSection
	GlobalSection(ProjectConfigurationPlatforms) = postSolution
		{ABBF5255-0500-4D8D-D42A-FDC3D65CD20B}.Debug|Any CPU.ActiveCfg = Debug|Any CPU
		{ABBF5255-0500-4D8D-D42A-FDC3D65CD20B}.Debug|Any CPU.Build.0 = Debug|Any CPU
		{ABBF5255-0500-4D8D-D42A-FDC3D65CD20B}.Release|Any CPU.ActiveCfg = Release|Any CPU
		{ABBF5255-0500-4D8D-D42A-FDC3D65CD20B}.Release|Any CPU.Build.0 = Release|Any CPU
	EndGlobalSection
	GlobalSection(SolutionProperties) = preSolution
		HideSolutionNode = FALSE
	EndGlobalSection
	GlobalSection(ExtensibilityGlobals) = postSolution
		SolutionGuid = {BA9827C1-B002-4E25-80DC-2151F007948A}
	EndGlobalSection
EndGlobal
